
Microsoft Visual Studio Solution File, Format Version 12.00
# Visual Studio 2013
VisualStudioVersion = 12.0.31101.0
MinimumVisualStudioVersion = 10.0.40219.1
Project("{8BC9CEB8-8B4A-11D0-8D11-00A0C91BC942}") = "GameObjectPropertyExtractor", "GameObjectPropertyExtractor\GameObjectPropertyExtractor.vcxproj", "{7D300FDE-554A-4C19-98D6-5BD87F6A9B81}"
	ProjectSection(ProjectDependencies) = postProject
		{809CC30D-558F-46ED-87E9-06AF0BC63FB6} = {809CC30D-558F-46ED-87E9-06AF0BC63FB6}
	EndProjectSection
EndProject
Project("{8BC9CEB8-8B4A-11D0-8D11-00A0C91BC942}") = "shared", "shared\shared.vcxproj", "{809CC30D-558F-46ED-87E9-06AF0BC63FB6}"
EndProject
Project("{8BC9CEB8-8B4A-11D0-8D11-00A0C91BC942}") = "UpdateFieldExtractor", "UpdateFieldExtractor\UpdateFieldExtractor.vcxproj", "{134032CA-7960-4C7E-B4EF-056D5141D7D6}"
	ProjectSection(ProjectDependencies) = postProject
		{809CC30D-558F-46ED-87E9-06AF0BC63FB6} = {809CC30D-558F-46ED-87E9-06AF0BC63FB6}
	EndProjectSection
EndProject
Project("{FAE04EC0-301F-11D3-BF4B-00C04F79EFBC}") = "RedirectDecrypt", "RedirectDecrypt\RedirectDecrypt.csproj", "{D6071EA5-14C9-4FE9-9CEC-D3D4E9335E21}"
EndProject
Project("{8BC9CEB8-8B4A-11D0-8D11-00A0C91BC942}") = "OpcodeToConnectionGenerator", "OpcodeToConnectionGenerator\OpcodeToConnectionGenerator.vcxproj", "{1A52AB80-9486-4F5D-B247-031E8575C4E8}"
	ProjectSection(ProjectDependencies) = postProject
		{809CC30D-558F-46ED-87E9-06AF0BC63FB6} = {809CC30D-558F-46ED-87E9-06AF0BC63FB6}
	EndProjectSection
EndProject
Project("{8BC9CEB8-8B4A-11D0-8D11-00A0C91BC942}") = "EnumExtractor", "EnumExtractor\EnumExtractor.vcxproj", "{0FC810F9-59CD-4F5F-8589-75DA6243E673}"
EndProject
Global
	GlobalSection(SolutionConfigurationPlatforms) = preSolution
		Debug|Win32 = Debug|Win32
		Release|Win32 = Release|Win32
	EndGlobalSection
	GlobalSection(ProjectConfigurationPlatforms) = postSolution
		{7D300FDE-554A-4C19-98D6-5BD87F6A9B81}.Debug|Win32.ActiveCfg = Debug|Win32
		{7D300FDE-554A-4C19-98D6-5BD87F6A9B81}.Debug|Win32.Build.0 = Debug|Win32
		{7D300FDE-554A-4C19-98D6-5BD87F6A9B81}.Release|Win32.ActiveCfg = Release|Win32
		{7D300FDE-554A-4C19-98D6-5BD87F6A9B81}.Release|Win32.Build.0 = Release|Win32
		{809CC30D-558F-46ED-87E9-06AF0BC63FB6}.Debug|Win32.ActiveCfg = Debug|Win32
		{809CC30D-558F-46ED-87E9-06AF0BC63FB6}.Debug|Win32.Build.0 = Debug|Win32
		{809CC30D-558F-46ED-87E9-06AF0BC63FB6}.Release|Win32.ActiveCfg = Release|Win32
		{809CC30D-558F-46ED-87E9-06AF0BC63FB6}.Release|Win32.Build.0 = Release|Win32
		{134032CA-7960-4C7E-B4EF-056D5141D7D6}.Debug|Win32.ActiveCfg = Debug|Win32
		{134032CA-7960-4C7E-B4EF-056D5141D7D6}.Debug|Win32.Build.0 = Debug|Win32
		{134032CA-7960-4C7E-B4EF-056D5141D7D6}.Release|Win32.ActiveCfg = Release|Win32
		{134032CA-7960-4C7E-B4EF-056D5141D7D6}.Release|Win32.Build.0 = Release|Win32
		{D6071EA5-14C9-4FE9-9CEC-D3D4E9335E21}.Debug|Win32.ActiveCfg = Debug|x86
		{D6071EA5-14C9-4FE9-9CEC-D3D4E9335E21}.Debug|Win32.Build.0 = Debug|x86
		{D6071EA5-14C9-4FE9-9CEC-D3D4E9335E21}.Release|Win32.ActiveCfg = Release|x86
		{D6071EA5-14C9-4FE9-9CEC-D3D4E9335E21}.Release|Win32.Build.0 = Release|x86
		{1A52AB80-9486-4F5D-B247-031E8575C4E8}.Debug|Win32.ActiveCfg = Debug|Win32
		{1A52AB80-9486-4F5D-B247-031E8575C4E8}.Debug|Win32.Build.0 = Debug|Win32
		{1A52AB80-9486-4F5D-B247-031E8575C4E8}.Release|Win32.ActiveCfg = Release|Win32
		{1A52AB80-9486-4F5D-B247-031E8575C4E8}.Release|Win32.Build.0 = Release|Win32
		{0FC810F9-59CD-4F5F-8589-75DA6243E673}.Debug|Win32.ActiveCfg = Debug|Win32
		{0FC810F9-59CD-4F5F-8589-75DA6243E673}.Debug|Win32.Build.0 = Debug|Win32
		{0FC810F9-59CD-4F5F-8589-75DA6243E673}.Release|Win32.ActiveCfg = Release|Win32
		{0FC810F9-59CD-4F5F-8589-75DA6243E673}.Release|Win32.Build.0 = Release|Win32
	EndGlobalSection
	GlobalSection(SolutionProperties) = preSolution
		HideSolutionNode = FALSE
	EndGlobalSection
EndGlobal
